{
    "requires": true,
    "lockfileVersion": 1,
    "dependencies": {
        "froala-editor": {
            "version": "3.2.6-1",
            "resolved": "https://registry.npmjs.org/froala-editor/-/froala-editor-3.2.6-1.tgz",
            "integrity": "sha512-PfUi3KwtYqPE9/fRJBhUAjOffUmVt2Bgd9XL1dcWkEZ9vgLaxQLau721xSy9tsZGc43GYoIlDo1jj9Mmdo3cDw=="
        }
    }
}
